// !$*UTF8*$!
{
	archiveVersion = 1;
	classes = {
	};
	objectVersion = 48;
	objects = {

/* Begin PBXBuildFile section */
		96D0436A203FE7BE00EE8875 /* BlurAlertViewUITests.m in Sources */ = {isa = PBXBuildFile; fileRef = 96D04369203FE7BE00EE8875 /* BlurAlertViewUITests.m */; };
		96D0437A203FE9D600EE8875 /* FXBlurView.m in Sources */ = {isa = PBXBuildFile; fileRef = 96D04376203FE9D600EE8875 /* FXBlurView.m */; };
		96D0437E203FEA1F00EE8875 /* BlurAlertView.m in Sources */ = {isa = PBXBuildFile; fileRef = 96D0437D203FEA1F00EE8875 /* BlurAlertView.m */; };
/* End PBXBuildFile section */

/* Begin PBXContainerItemProxy section */
		96D04366203FE7BE00EE8875 /* PBXContainerItemProxy */ = {
			isa = PBXContainerItemProxy;
			containerPortal = 96D04345203FE7BD00EE8875 /* Project object */;
			proxyType = 1;
			remoteGlobalIDString = 96D0434C203FE7BD00EE8875;
			remoteInfo = BlurAlertView;
		};
/* End PBXContainerItemProxy section */

/* Begin PBXFileReference section */
		96D0434D203FE7BD00EE8875 /* BlurAlertView.app */ = {isa = PBXFileReference; explicitFileType = wrapper.application; includeInIndex = 0; path = BlurAlertView.app; sourceTree = BUILT_PRODUCTS_DIR; };
		96D04365203FE7BE00EE8875 /* BlurAlertViewUITests.xctest */ = {isa = PBXFileReference; explicitFileType = wrapper.cfbundle; includeInIndex = 0; path = BlurAlertViewUITests.xctest; sourceTree = BUILT_PRODUCTS_DIR; };
		96D04369203FE7BE00EE8875 /* BlurAlertViewUITests.m */ = {isa = PBXFileReference; lastKnownFileType = sourcecode.c.objc; path = BlurAlertViewUITests.m; sourceTree = "<group>"; };
		96D0436B203FE7BE00EE8875 /* Info.plist */ = {isa = PBXFileReference; lastKnownFileType = text.plist.xml; path = Info.plist; sourceTree = "<group>"; };
		96D04375203FE9D600EE8875 /* FXBlurView.h */ = {isa = PBXFileReference; fileEncoding = 4; lastKnownFileType = sourcecode.c.h; path = FXBlurView.h; sourceTree = "<group>"; };
		96D04376203FE9D600EE8875 /* FXBlurView.m */ = {isa = PBXFileReference; fileEncoding = 4; lastKnownFileType = sourcecode.c.objc; path = FXBlurView.m; sourceTree = "<group>"; };
		96D0437C203FEA1F00EE8875 /* BlurAlertView.h */ = {isa = PBXFileReference; lastKnownFileType = sourcecode.c.h; path = BlurAlertView.h; sourceTree = "<group>"; };
		96D0437D203FEA1F00EE8875 /* BlurAlertView.m */ = {isa = PBXFileReference; lastKnownFileType = sourcecode.c.objc; path = BlurAlertView.m; sourceTree = "<group>"; };
/* End PBXFileReference section */

/* Begin PBXFrameworksBuildPhase section */
		96D0434A203FE7BD00EE8875 /* Frameworks */ = {
			isa = PBXFrameworksBuildPhase;
			buildActionMask = 2147483647;
			files = (
			);
			runOnlyForDeploymentPostprocessing = 0;
		};
		96D04362203FE7BE00EE8875 /* Frameworks */ = {
			isa = PBXFrameworksBuildPhase;
			buildActionMask = 2147483647;
			files = (
			);
			runOnlyForDeploymentPostprocessing = 0;
		};
/* End PBXFrameworksBuildPhase section */

/* Begin PBXGroup section */
		96D04344203FE7BD00EE8875 = {
			isa = PBXGroup;
			children = (
				96D0434F203FE7BD00EE8875 /* BlurAlertView */,
				96D04368203FE7BE00EE8875 /* BlurAlertViewUITests */,
				96D0434E203FE7BD00EE8875 /* Products */,
			);
			sourceTree = "<group>";
		};
		96D0434E203FE7BD00EE8875 /* Products */ = {
			isa = PBXGroup;
			children = (
				96D0434D203FE7BD00EE8875 /* BlurAlertView.app */,
				96D04365203FE7BE00EE8875 /* BlurAlertViewUITests.xctest */,
			);
			name = Products;
			sourceTree = "<group>";
		};
		96D0434F203FE7BD00EE8875 /* BlurAlertView */ = {
			isa = PBXGroup;
			children = (
				96D0437C203FEA1F00EE8875 /* BlurAlertView.h */,
				96D0437D203FEA1F00EE8875 /* BlurAlertView.m */,
				96D04374203FE9D600EE8875 /* FXBlurView */,
			);
			path = BlurAlertView;
			sourceTree = "<group>";
		};
		96D04368203FE7BE00EE8875 /* BlurAlertViewUITests */ = {
			isa = PBXGroup;
			children = (
				96D04369203FE7BE00EE8875 /* BlurAlertViewUITests.m */,
				96D0436B203FE7BE00EE8875 /* Info.plist */,
			);
			path = BlurAlertViewUITests;
			sourceTree = "<group>";
		};
		96D04374203FE9D600EE8875 /* FXBlurView */ = {
			isa = PBXGroup;
			children = (
				96D04375203FE9D600EE8875 /* FXBlurView.h */,
				96D04376203FE9D600EE8875 /* FXBlurView.m */,
			);
			path = FXBlurView;
			sourceTree = "<group>";
		};
/* End PBXGroup section */

/* Begin PBXNativeTarget section */
		96D0434C203FE7BD00EE8875 /* BlurAlertView */ = {
			isa = PBXNativeTarget;
			buildConfigurationList = 96D0436E203FE7BE00EE8875 /* Build configuration list for PBXNativeTarget "BlurAlertView" */;
			buildPhases = (
				96D04349203FE7BD00EE8875 /* Sources */,
				96D0434A203FE7BD00EE8875 /* Frameworks */,
				96D0434B203FE7BD00EE8875 /* Resources */,
			);
			buildRules = (
			);
			dependencies = (
			);
			name = BlurAlertView;
			productName = BlurAlertView;
			productReference = 96D0434D203FE7BD00EE8875 /* BlurAlertView.app */;
			productType = "com.apple.product-type.application";
		};
		96D04364203FE7BE00EE8875 /* BlurAlertViewUITests */ = {
			isa = PBXNativeTarget;
			buildConfigurationList = 96D04371203FE7BE00EE8875 /* Build configuration list for PBXNativeTarget "BlurAlertViewUITests" */;
			buildPhases = (
				96D04361203FE7BE00EE8875 /* Sources */,
				96D04362203FE7BE00EE8875 /* Frameworks */,
				96D04363203FE7BE00EE8875 /* Resources */,
			);
			buildRules = (
			);
			dependencies = (
				96D04367203FE7BE00EE8875 /* PBXTargetDependency */,
			);
			name = BlurAlertViewUITests;
			productName = BlurAlertViewUITests;
			productReference = 96D04365203FE7BE00EE8875 /* BlurAlertViewUITests.xctest */;
			productType = "com.apple.product-type.bundle.ui-testing";
		};
/* End PBXNativeTarget section */

/* Begin PBXProject section */
		96D04345203FE7BD00EE8875 /* Project object */ = {
			isa = PBXProject;
			attributes = {
				LastUpgradeCheck = 0920;
				ORGANIZATIONNAME = hzb;
				TargetAttributes = {
					96D0434C203FE7BD00EE8875 = {
						CreatedOnToolsVersion = 9.2;
						ProvisioningStyle = Automatic;
					};
					96D04364203FE7BE00EE8875 = {
						CreatedOnToolsVersion = 9.2;
						ProvisioningStyle = Automatic;
						TestTargetID = 96D0434C203FE7BD00EE8875;
					};
				};
			};
			buildConfigurationList = 96D04348203FE7BD00EE8875 /* Build configuration list for PBXProject "BlurAlertView" */;
			compatibilityVersion = "Xcode 8.0";
			developmentRegion = en;
			hasScannedForEncodings = 0;
			knownRegions = (
				en,
				Base,
			);
			mainGroup = 96D04344203FE7BD00EE8875;
			productRefGroup = 96D0434E203FE7BD00EE8875 /* Products */;
			projectDirPath = "";
			projectRoot = "";
			targets = (
				96D0434C203FE7BD00EE8875 /* BlurAlertView */,
				96D04364203FE7BE00EE8875 /* BlurAlertViewUITests */,
			);
		};
/* End PBXProject section */

/* Begin PBXResourcesBuildPhase section */
		96D0434B203FE7BD00EE8875 /* Resources */ = {
			isa = PBXResourcesBuildPhase;
			buildActionMask = 2147483647;
			files = (
			);
			runOnlyForDeploymentPostprocessing = 0;
		};
		96D04363203FE7BE00EE8875 /* Resources */ = {
			isa = PBXResourcesBuildPhase;
			buildActionMask = 2147483647;
			files = (
			);
			runOnlyForDeploymentPostprocessing = 0;
		};
/* End PBXResourcesBuildPhase section */

/* Begin PBXSourcesBuildPhase section */
		96D04349203FE7BD00EE8875 /* Sources */ = {
			isa = PBXSourcesBuildPhase;
			buildActionMask = 2147483647;
			files = (
				96D0437E203FEA1F00EE8875 /* BlurAlertView.m in Sources */,
				96D0437A203FE9D600EE8875 /* FXBlurView.m in Sources */,
			);
			runOnlyForDeploymentPostprocessing = 0;
		};
		96D04361203FE7BE00EE8875 /* Sources */ = {
			isa = PBXSourcesBuildPhase;
			buildActionMask = 2147483647;
			files = (
				96D0436A203FE7BE00EE8875 /* BlurAlertViewUITests.m in Sources */,
			);
			runOnlyForDeploymentPostprocessing = 0;
		};
/* End PBXSourcesBuildPhase section */

/* Begin PBXTargetDependency section */
		96D04367203FE7BE00EE8875 /* PBXTargetDependency */ = {
			isa = PBXTargetDependency;
			target = 96D0434C203FE7BD00EE8875 /* BlurAlertView */;
			targetProxy = 96D04366203FE7BE00EE8875 /* PBXContainerItemProxy */;
		};
/* End PBXTargetDependency section */

/* Begin XCBuildConfiguration section */
		96D0436C203FE7BE00EE8875 /* Debug */ = {
			isa = XCBuildConfiguration;
			buildSettings = {
				ALWAYS_SEARCH_USER_PATHS = NO;
				CLANG_ANALYZER_NONNULL = YES;
				CLANG_ANALYZER_NUMBER_OBJECT_CONVERSION = YES_AGGRESSIVE;
				CLANG_CXX_LANGUAGE_STANDARD = "gnu++14";
				CLANG_CXX_LIBRARY = "libc++";
				CLANG_ENABLE_MODULES = YES;
				CLANG_ENABLE_OBJC_ARC = YES;
				CLANG_WARN_BLOCK_CAPTURE_AUTORELEASING = YES;
				CLANG_WARN_BOOL_CONVERSION = YES;
				CLANG_WARN_COMMA = YES;
				CLANG_WARN_CONSTANT_CONVERSION = YES;
				CLANG_WARN_DIRECT_OBJC_ISA_USAGE = YES_ERROR;
				CLANG_WARN_DOCUMENTATION_COMMENTS = YES;
				CLANG_WARN_EMPTY_BODY = YES;
				CLANG_WARN_ENUM_CONVERSION = YES;
				CLANG_WARN_INFINITE_RECURSION = YES;
				CLANG_WARN_INT_CONVERSION = YES;
				CLANG_WARN_NON_LITERAL_NULL_CONVERSION = YES;
				CLANG_WARN_OBJC_LITERAL_CONVERSION = YES;
				CLANG_WARN_OBJC_ROOT_CLASS = YES_ERROR;
				CLANG_WARN_RANGE_LOOP_ANALYSIS = YES;
				CLANG_WARN_STRICT_PROTOTYPES = YES;
				CLANG_WARN_SUSPICIOUS_MOVE = YES;
				CLANG_WARN_UNGUARDED_AVAILABILITY = YES_AGGRESSIVE;
				CLANG_WARN_UNREACHABLE_CODE = YES;
				CLANG_WARN__DUPLICATE_METHOD_MATCH = YES;
				CODE_SIGN_IDENTITY = "iPhone Developer";
				COPY_PHASE_STRIP = NO;
				DEBUG_INFORMATION_FORMAT = dwarf;
				ENABLE_STRICT_OBJC_MSGSEND = YES;
				ENABLE_TESTABILITY = YES;
				GCC_C_LANGUAGE_STANDARD = gnu11;
				GCC_DYNAMIC_NO_PIC = NO;
				GCC_NO_COMMON_BLOCKS = YES;
				GCC_OPTIMIZATION_LEVEL = 0;
				GCC_PREPROCESSOR_DEFINITIONS = (
					"DEBUG=1",
					"$(inherited)",
				);
				GCC_WARN_64_TO_32_BIT_CONVERSION = YES;
				GCC_WARN_ABOUT_RETURN_TYPE = YES_ERROR;
				GCC_WARN_UNDECLARED_SELECTOR = YES;
				GCC_WARN_UNINITIALIZED_AUTOS = YES_AGGRESSIVE;
				GCC_WARN_UNUSED_FUNCTION = YES;
				GCC_WARN_UNUSED_VARIABLE = YES;
				IPHONEOS_DEPLOYMENT_TARGET = 11.2;
				MTL_ENABLE_DEBUG_INFO = YES;
				ONLY_ACTIVE_ARCH = YES;
				SDKROOT = iphoneos;
			};
			name = Debug;
		};
		96D0436D203FE7BE00EE8875 /* Release */ = {
			isa = XCBuildConfiguration;
			buildSettings = {
				ALWAYS_SEARCH_USER_PATHS = NO;
				CLANG_ANALYZER_NONNULL = YES;
				CLANG_ANALYZER_NUMBER_OBJECT_CONVERSION = YES_AGGRESSIVE;
				CLANG_CXX_LANGUAGE_STANDARD = "gnu++14";
				CLANG_CXX_LIBRARY = "libc++";
				CLANG_ENABLE_MODULES = YES;
				CLANG_ENABLE_OBJC_ARC = YES;
				CLANG_WARN_BLOCK_CAPTURE_AUTORELEASING = YES;
				CLANG_WARN_BOOL_CONVERSION = YES;
				CLANG_WARN_COMMA = YES;
				CLANG_WARN_CONSTANT_CONVERSION = YES;
				CLANG_WARN_DIRECT_OBJC_ISA_USAGE = YES_ERROR;
				CLANG_WARN_DOCUMENTATION_COMMENTS = YES;
				CLANG_WARN_EMPTY_BODY = YES;
				CLANG_WARN_ENUM_CONVERSION = YES;
				CLANG_WARN_INFINITE_RECURSION = YES;
				CLANG_WARN_INT_CONVERSION = YES;
				CLANG_WARN_NON_LITERAL_NULL_CONVERSION = YES;
				CLANG_WARN_OBJC_LITERAL_CONVERSION = YES;
				CLANG_WARN_OBJC_ROOT_CLASS = YES_ERROR;
				CLANG_WARN_RANGE_LOOP_ANALYSIS = YES;
				CLANG_WARN_STRICT_PROTOTYPES = YES;
				CLANG_WARN_SUSPICIOUS_MOVE = YES;
				CLANG_WARN_UNGUARDED_AVAILABILITY = YES_AGGRESSIVE;
				CLANG_WARN_UNREACHABLE_CODE = YES;
				CLANG_WARN__DUPLICATE_METHOD_MATCH = YES;
				CODE_SIGN_IDENTITY = "iPhone Developer";
				COPY_PHASE_STRIP = NO;
				DEBUG_INFORMATION_FORMAT = "dwarf-with-dsym";
				ENABLE_NS_ASSERTIONS = NO;
				ENABLE_STRICT_OBJC_MSGSEND = YES;
				GCC_C_LANGUAGE_STANDARD = gnu11;
				GCC_NO_COMMON_BLOCKS = YES;
				GCC_WARN_64_TO_32_BIT_CONVERSION = YES;
				GCC_WARN_ABOUT_RETURN_TYPE = YES_ERROR;
				GCC_WARN_UNDECLARED_SELECTOR = YES;
				GCC_WARN_UNINITIALIZED_AUTOS = YES_AGGRESSIVE;
				GCC_WARN_UNUSED_FUNCTION = YES;
				GCC_WARN_UNUSED_VARIABLE = YES;
				IPHONEOS_DEPLOYMENT_TARGET = 11.2;
				MTL_ENABLE_DEBUG_INFO = NO;
				SDKROOT = iphoneos;
				VALIDATE_PRODUCT = YES;
			};
			name = Release;
		};
		96D0436F203FE7BE00EE8875 /* Debug */ = {
			isa = XCBuildConfiguration;
			buildSettings = {
				ASSETCATALOG_COMPILER_APPICON_NAME = AppIcon;
				CODE_SIGN_STYLE = Automatic;
				DEVELOPMENT_TEAM = KPJVYXL9VV;
				INFOPLIST_FILE = BlurAlertView/Info.plist;
				LD_RUNPATH_SEARCH_PATHS = "$(inherited) @executable_path/Frameworks";
				PRODUCT_BUNDLE_IDENTIFIER = com.hzb.BlurAlertView;
				PRODUCT_NAME = "$(TARGET_NAME)";
				TARGETED_DEVICE_FAMILY = "1,2";
			};
			name = Debug;
		};
		96D04370203FE7BE00EE8875 /* Release */ = {
			isa = XCBuildConfiguration;
			buildSettings = {
				ASSETCATALOG_COMPILER_APPICON_NAME = AppIcon;
				CODE_SIGN_STYLE = Automatic;
				DEVELOPMENT_TEAM = KPJVYXL9VV;
				INFOPLIST_FILE = BlurAlertView/Info.plist;
				LD_RUNPATH_SEARCH_PATHS = "$(inherited) @executable_path/Frameworks";
				PRODUCT_BUNDLE_IDENTIFIER = com.hzb.BlurAlertView;
				PRODUCT_NAME = "$(TARGET_NAME)";
				TARGETED_DEVICE_FAMILY = "1,2";
			};
			name = Release;
		};
		96D04372203FE7BE00EE8875 /* Debug */ = {
			isa = XCBuildConfiguration;
			buildSettings = {
				CODE_SIGN_STYLE = Automatic;
				DEVELOPMENT_TEAM = KPJVYXL9VV;
				INFOPLIST_FILE = BlurAlertViewUITests/Info.plist;
				LD_RUNPATH_SEARCH_PATHS = "$(inherited) @executable_path/Frameworks @loader_path/Frameworks";
				PRODUCT_BUNDLE_IDENTIFIER = com.hzb.BlurAlertViewUITests;
				PRODUCT_NAME = "$(TARGET_NAME)";
				TARGETED_DEVICE_FAMILY = "1,2";
				TEST_TARGET_NAME = BlurAlertView;
			};
			name = Debug;
		};
		96D04373203FE7BE00EE8875 /* Release */ = {
			isa = XCBuildConfiguration;
			buildSettings = {
				CODE_SIGN_STYLE = Automatic;
				DEVELOPMENT_TEAM = KPJVYXL9VV;
				INFOPLIST_FILE = BlurAlertViewUITests/Info.plist;
				LD_RUNPATH_SEARCH_PATHS = "$(inherited) @executable_path/Frameworks @loader_path/Frameworks";
				PRODUCT_BUNDLE_IDENTIFIER = com.hzb.BlurAlertViewUITests;
				PRODUCT_NAME = "$(TARGET_NAME)";
				TARGETED_DEVICE_FAMILY = "1,2";
				TEST_TARGET_NAME = BlurAlertView;
			};
			name = Release;
		};
/* End XCBuildConfiguration section */

/* Begin XCConfigurationList section */
		96D04348203FE7BD00EE8875 /* Build configuration list for PBXProject "BlurAlertView" */ = {
			isa = XCConfigurationList;
			buildConfigurations = (
				96D0436C203FE7BE00EE8875 /* Debug */,
				96D0436D203FE7BE00EE8875 /* Release */,
			);
			defaultConfigurationIsVisible = 0;
			defaultConfigurationName = Release;
		};
		96D0436E203FE7BE00EE8875 /* Build configuration list for PBXNativeTarget "BlurAlertView" */ = {
			isa = XCConfigurationList;
			buildConfigurations = (
				96D0436F203FE7BE00EE8875 /* Debug */,
				96D04370203FE7BE00EE8875 /* Release */,
			);
			defaultConfigurationIsVisible = 0;
			defaultConfigurationName = Release;
		};
		96D04371203FE7BE00EE8875 /* Build configuration list for PBXNativeTarget "BlurAlertViewUITests" */ = {
			isa = XCConfigurationList;
			buildConfigurations = (
				96D04372203FE7BE00EE8875 /* Debug */,
				96D04373203FE7BE00EE8875 /* Release */,
			);
			defaultConfigurationIsVisible = 0;
			defaultConfigurationName = Release;
		};
/* End XCConfigurationList section */
	};
	rootObject = 96D04345203FE7BD00EE8875 /* Project object */;
}
